// !$*UTF8*$!
{
	archiveVersion = 1;
	classes = {
	};
	objectVersion = 50;
	objects = {

/* Begin PBXBuildFile section */
		7F14B8ED211427CA003163FB /* AppDelegate.swift in Sources */ = {isa = PBXBuildFile; fileRef = 7F14B8EC211427CA003163FB /* AppDelegate.swift */; };
		7F14B8EF211427CA003163FB /* ViewController.swift in Sources */ = {isa = PBXBuildFile; fileRef = 7F14B8EE211427CA003163FB /* ViewController.swift */; };
		7F14B8F2211427CA003163FB /* Main.storyboard in Resources */ = {isa = PBXBuildFile; fileRef = 7F14B8F0211427CA003163FB /* Main.storyboard */; };
		7F14B8F4211427CB003163FB /* Assets.xcassets in Resources */ = {isa = PBXBuildFile; fileRef = 7F14B8F3211427CB003163FB /* Assets.xcassets */; };
		7F14B8F7211427CB003163FB /* LaunchScreen.storyboard in Resources */ = {isa = PBXBuildFile; fileRef = 7F14B8F5211427CB003163FB /* LaunchScreen.storyboard */; };
		7F14B8FF21142927003163FB /* GoogleService-Info.plist in Resources */ = {isa = PBXBuildFile; fileRef = 7F14B8FE21142927003163FB /* GoogleService-Info.plist */; };
		7F14B90321143266003163FB /* BarcodeViewController.swift in Sources */ = {isa = PBXBuildFile; fileRef = 7F14B90221143266003163FB /* BarcodeViewController.swift */; };
		7FE95E5321143A150081ABE5 /* FaceViewController.swift in Sources */ = {isa = PBXBuildFile; fileRef = 7FE95E5221143A150081ABE5 /* FaceViewController.swift */; };
		7FE95E5921143CA50081ABE5 /* ImageLabelingViewController.swift in Sources */ = {isa = PBXBuildFile; fileRef = 7FE95E5821143CA50081ABE5 /* ImageLabelingViewController.swift */; };
		7FE95E5B21143D340081ABE5 /* TextViewController.swift in Sources */ = {isa = PBXBuildFile; fileRef = 7FE95E5A21143D340081ABE5 /* TextViewController.swift */; };
		7FE95E5D21143D810081ABE5 /* LandmarkViewController.swift in Sources */ = {isa = PBXBuildFile; fileRef = 7FE95E5C21143D810081ABE5 /* LandmarkViewController.swift */; };
		B020D91174CE027D8E2BB8B1 /* Pods_MLKitExample.framework in Frameworks */ = {isa = PBXBuildFile; fileRef = C204822FE5B7E5BE8A4EEF53 /* Pods_MLKitExample.framework */; };
/* End PBXBuildFile section */

/* Begin PBXFileReference section */
		33F47C279530BE1C1E0A28FC /* Pods-MLKitExample.release.xcconfig */ = {isa = PBXFileReference; includeInIndex = 1; lastKnownFileType = text.xcconfig; name = "Pods-MLKitExample.release.xcconfig"; path = "Pods/Target Support Files/Pods-MLKitExample/Pods-MLKitExample.release.xcconfig"; sourceTree = "<group>"; };
		7F14B8E9211427CA003163FB /* MLKitExample.app */ = {isa = PBXFileReference; explicitFileType = wrapper.application; includeInIndex = 0; path = MLKitExample.app; sourceTree = BUILT_PRODUCTS_DIR; };
		7F14B8EC211427CA003163FB /* AppDelegate.swift */ = {isa = PBXFileReference; lastKnownFileType = sourcecode.swift; path = AppDelegate.swift; sourceTree = "<group>"; };
		7F14B8EE211427CA003163FB /* ViewController.swift */ = {isa = PBXFileReference; lastKnownFileType = sourcecode.swift; path = ViewController.swift; sourceTree = "<group>"; };
		7F14B8F1211427CA003163FB /* Base */ = {isa = PBXFileReference; lastKnownFileType = file.storyboard; name = Base; path = Base.lproj/Main.storyboard; sourceTree = "<group>"; };
		7F14B8F3211427CB003163FB /* Assets.xcassets */ = {isa = PBXFileReference; lastKnownFileType = folder.assetcatalog; path = Assets.xcassets; sourceTree = "<group>"; };
		7F14B8F6211427CB003163FB /* Base */ = {isa = PBXFileReference; lastKnownFileType = file.storyboard; name = Base; path = Base.lproj/LaunchScreen.storyboard; sourceTree = "<group>"; };
		7F14B8F8211427CB003163FB /* Info.plist */ = {isa = PBXFileReference; lastKnownFileType = text.plist.xml; path = Info.plist; sourceTree = "<group>"; };
		7F14B8FE21142927003163FB /* GoogleService-Info.plist */ = {isa = PBXFileReference; fileEncoding = 4; lastKnownFileType = text.plist.xml; path = "GoogleService-Info.plist"; sourceTree = "<group>"; };
		7F14B90221143266003163FB /* BarcodeViewController.swift */ = {isa = PBXFileReference; lastKnownFileType = sourcecode.swift; path = BarcodeViewController.swift; sourceTree = "<group>"; };
		7FE95E5221143A150081ABE5 /* FaceViewController.swift */ = {isa = PBXFileReference; lastKnownFileType = sourcecode.swift; path = FaceViewController.swift; sourceTree = "<group>"; };
		7FE95E5821143CA50081ABE5 /* ImageLabelingViewController.swift */ = {isa = PBXFileReference; lastKnownFileType = sourcecode.swift; path = ImageLabelingViewController.swift; sourceTree = "<group>"; };
		7FE95E5A21143D340081ABE5 /* TextViewController.swift */ = {isa = PBXFileReference; lastKnownFileType = sourcecode.swift; path = TextViewController.swift; sourceTree = "<group>"; };
		7FE95E5C21143D810081ABE5 /* LandmarkViewController.swift */ = {isa = PBXFileReference; lastKnownFileType = sourcecode.swift; path = LandmarkViewController.swift; sourceTree = "<group>"; };
		C204822FE5B7E5BE8A4EEF53 /* Pods_MLKitExample.framework */ = {isa = PBXFileReference; explicitFileType = wrapper.framework; includeInIndex = 0; path = Pods_MLKitExample.framework; sourceTree = BUILT_PRODUCTS_DIR; };
		C2BD5CD6B70586A341B7B389 /* Pods-MLKitExample.debug.xcconfig */ = {isa = PBXFileReference; includeInIndex = 1; lastKnownFileType = text.xcconfig; name = "Pods-MLKitExample.debug.xcconfig"; path = "Pods/Target Support Files/Pods-MLKitExample/Pods-MLKitExample.debug.xcconfig"; sourceTree = "<group>"; };
/* End PBXFileReference section */

/* Begin PBXFrameworksBuildPhase section */
		7F14B8E6211427CA003163FB /* Frameworks */ = {
			isa = PBXFrameworksBuildPhase;
			buildActionMask = 2147483647;
			files = (
				B020D91174CE027D8E2BB8B1 /* Pods_MLKitExample.framework in Frameworks */,
			);
			runOnlyForDeploymentPostprocessing = 0;
		};
/* End PBXFrameworksBuildPhase section */

/* Begin PBXGroup section */
		7F14B8E0211427CA003163FB = {
			isa = PBXGroup;
			children = (
				7F14B8EB211427CA003163FB /* MLKitExample */,
				7F14B8EA211427CA003163FB /* Products */,
				ABA5FCF2E9ECE320A5BB8770 /* Pods */,
				B6D1E70167A5AB9D2BF7A036 /* Frameworks */,
			);
			sourceTree = "<group>";
		};
		7F14B8EA211427CA003163FB /* Products */ = {
			isa = PBXGroup;
			children = (
				7F14B8E9211427CA003163FB /* MLKitExample.app */,
			);
			name = Products;
			sourceTree = "<group>";
		};
		7F14B8EB211427CA003163FB /* MLKitExample */ = {
			isa = PBXGroup;
			children = (
				7F14B8EC211427CA003163FB /* AppDelegate.swift */,
				7F14B8EE211427CA003163FB /* ViewController.swift */,
				7F14B8F0211427CA003163FB /* Main.storyboard */,
				7F14B8F3211427CB003163FB /* Assets.xcassets */,
				7F14B8F5211427CB003163FB /* LaunchScreen.storyboard */,
				7F14B8F8211427CB003163FB /* Info.plist */,
				7F14B8FE21142927003163FB /* GoogleService-Info.plist */,
				7F14B90221143266003163FB /* BarcodeViewController.swift */,
				7FE95E5221143A150081ABE5 /* FaceViewController.swift */,
				7FE95E5821143CA50081ABE5 /* ImageLabelingViewController.swift */,
				7FE95E5A21143D340081ABE5 /* TextViewController.swift */,
				7FE95E5C21143D810081ABE5 /* LandmarkViewController.swift */,
			);
			path = MLKitExample;
			sourceTree = "<group>";
		};
		ABA5FCF2E9ECE320A5BB8770 /* Pods */ = {
			isa = PBXGroup;
			children = (
				C2BD5CD6B70586A341B7B389 /* Pods-MLKitExample.debug.xcconfig */,
				33F47C279530BE1C1E0A28FC /* Pods-MLKitExample.release.xcconfig */,
			);
			name = Pods;
			sourceTree = "<group>";
		};
		B6D1E70167A5AB9D2BF7A036 /* Frameworks */ = {
			isa = PBXGroup;
			children = (
				C204822FE5B7E5BE8A4EEF53 /* Pods_MLKitExample.framework */,
			);
			name = Frameworks;
			sourceTree = "<group>";
		};
/* End PBXGroup section */

/* Begin PBXNativeTarget section */
		7F14B8E8211427CA003163FB /* MLKitExample */ = {
			isa = PBXNativeTarget;
			buildConfigurationList = 7F14B8FB211427CB003163FB /* Build configuration list for PBXNativeTarget "MLKitExample" */;
			buildPhases = (
				780218E1D402F3DAD9D141DF /* [CP] Check Pods Manifest.lock */,
				7F14B8E5211427CA003163FB /* Sources */,
				7F14B8E6211427CA003163FB /* Frameworks */,
				7F14B8E7211427CA003163FB /* Resources */,
				BCB3E3B0DF265F24FAA2267E /* [CP] Embed Pods Frameworks */,
				69BDC3FC915E83080F169331 /* [CP] Copy Pods Resources */,
			);
			buildRules = (
			);
			dependencies = (
			);
			name = MLKitExample;
			productName = MLKitExample;
			productReference = 7F14B8E9211427CA003163FB /* MLKitExample.app */;
			productType = "com.apple.product-type.application";
		};
/* End PBXNativeTarget section */

/* Begin PBXProject section */
		7F14B8E1211427CA003163FB /* Project object */ = {
			isa = PBXProject;
			attributes = {
				LastSwiftUpdateCheck = 0940;
				LastUpgradeCheck = 0940;
				ORGANIZATIONNAME = "Chanho Park";
				TargetAttributes = {
					7F14B8E8211427CA003163FB = {
						CreatedOnToolsVersion = 9.4.1;
					};
				};
			};
			buildConfigurationList = 7F14B8E4211427CA003163FB /* Build configuration list for PBXProject "MLKitExample" */;
			compatibilityVersion = "Xcode 9.3";
			developmentRegion = en;
			hasScannedForEncodings = 0;
			knownRegions = (
				en,
				Base,
			);
			mainGroup = 7F14B8E0211427CA003163FB;
			productRefGroup = 7F14B8EA211427CA003163FB /* Products */;
			projectDirPath = "";
			projectRoot = "";
			targets = (
				7F14B8E8211427CA003163FB /* MLKitExample */,
			);
		};
/* End PBXProject section */

/* Begin PBXResourcesBuildPhase section */
		7F14B8E7211427CA003163FB /* Resources */ = {
			isa = PBXResourcesBuildPhase;
			buildActionMask = 2147483647;
			files = (
				7F14B8F7211427CB003163FB /* LaunchScreen.storyboard in Resources */,
				7F14B8F4211427CB003163FB /* Assets.xcassets in Resources */,
				7F14B8F2211427CA003163FB /* Main.storyboard in Resources */,
				7F14B8FF21142927003163FB /* GoogleService-Info.plist in Resources */,
			);
			runOnlyForDeploymentPostprocessing = 0;
		};
/* End PBXResourcesBuildPhase section */

/* Begin PBXShellScriptBuildPhase section */
		69BDC3FC915E83080F169331 /* [CP] Copy Pods Resources */ = {
			isa = PBXShellScriptBuildPhase;
			buildActionMask = 2147483647;
			files = (
			);
			inputPaths = (
				"${SRCROOT}/Pods/Target Support Files/Pods-MLKitExample/Pods-MLKitExample-resources.sh",
				"${PODS_CONFIGURATION_BUILD_DIR}/GoogleMobileVision/GoogleMVFaceDetectorResources.bundle",
				"${PODS_CONFIGURATION_BUILD_DIR}/GoogleMobileVision/GoogleMVTextDetectorResources.bundle",
			);
			name = "[CP] Copy Pods Resources";
			outputPaths = (
				"${TARGET_BUILD_DIR}/${UNLOCALIZED_RESOURCES_FOLDER_PATH}/GoogleMVFaceDetectorResources.bundle",
				"${TARGET_BUILD_DIR}/${UNLOCALIZED_RESOURCES_FOLDER_PATH}/GoogleMVTextDetectorResources.bundle",
			);
			runOnlyForDeploymentPostprocessing = 0;
			shellPath = /bin/sh;
			shellScript = "\"${SRCROOT}/Pods/Target Support Files/Pods-MLKitExample/Pods-MLKitExample-resources.sh\"\n";
			showEnvVarsInLog = 0;
		};
		780218E1D402F3DAD9D141DF /* [CP] Check Pods Manifest.lock */ = {
			isa = PBXShellScriptBuildPhase;
			buildActionMask = 2147483647;
			files = (
			);
			inputPaths = (
				"${PODS_PODFILE_DIR_PATH}/Podfile.lock",
				"${PODS_ROOT}/Manifest.lock",
			);
			name = "[CP] Check Pods Manifest.lock";
			outputPaths = (
				"$(DERIVED_FILE_DIR)/Pods-MLKitExample-checkManifestLockResult.txt",
			);
			runOnlyForDeploymentPostprocessing = 0;
			shellPath = /bin/sh;
			shellScript = "diff \"${PODS_PODFILE_DIR_PATH}/Podfile.lock\" \"${PODS_ROOT}/Manifest.lock\" > /dev/null\nif [ $? != 0 ] ; then\n    # print error to STDERR\n    echo \"error: The sandbox is not in sync with the Podfile.lock. Run 'pod install' or update your CocoaPods installation.\" >&2\n    exit 1\nfi\n# This output is used by Xcode 'outputs' to avoid re-running this script phase.\necho \"SUCCESS\" > \"${SCRIPT_OUTPUT_FILE_0}\"\n";
			showEnvVarsInLog = 0;
		};
		BCB3E3B0DF265F24FAA2267E /* [CP] Embed Pods Frameworks */ = {
			isa = PBXShellScriptBuildPhase;
			buildActionMask = 2147483647;
			files = (
			);
			inputPaths = (
				"${SRCROOT}/Pods/Target Support Files/Pods-MLKitExample/Pods-MLKitExample-frameworks.sh",
				"${BUILT_PRODUCTS_DIR}/GTMSessionFetcher/GTMSessionFetcher.framework",
				"${BUILT_PRODUCTS_DIR}/GoogleAPIClientForREST/GoogleAPIClientForREST.framework",
				"${BUILT_PRODUCTS_DIR}/GoogleToolboxForMac/GoogleToolboxForMac.framework",
				"${BUILT_PRODUCTS_DIR}/GoogleUtilities/GoogleUtilities.framework",
				"${BUILT_PRODUCTS_DIR}/Protobuf/Protobuf.framework",
				"${BUILT_PRODUCTS_DIR}/nanopb/nanopb.framework",
			);
			name = "[CP] Embed Pods Frameworks";
			outputPaths = (
				"${TARGET_BUILD_DIR}/${FRAMEWORKS_FOLDER_PATH}/GTMSessionFetcher.framework",
				"${TARGET_BUILD_DIR}/${FRAMEWORKS_FOLDER_PATH}/GoogleAPIClientForREST.framework",
				"${TARGET_BUILD_DIR}/${FRAMEWORKS_FOLDER_PATH}/GoogleToolboxForMac.framework",
				"${TARGET_BUILD_DIR}/${FRAMEWORKS_FOLDER_PATH}/GoogleUtilities.framework",
				"${TARGET_BUILD_DIR}/${FRAMEWORKS_FOLDER_PATH}/Protobuf.framework",
				"${TARGET_BUILD_DIR}/${FRAMEWORKS_FOLDER_PATH}/nanopb.framework",
			);
			runOnlyForDeploymentPostprocessing = 0;
			shellPath = /bin/sh;
			shellScript = "\"${SRCROOT}/Pods/Target Support Files/Pods-MLKitExample/Pods-MLKitExample-frameworks.sh\"\n";
			showEnvVarsInLog = 0;
		};
/* End PBXShellScriptBuildPhase section */

/* Begin PBXSourcesBuildPhase section */
		7F14B8E5211427CA003163FB /* Sources */ = {
			isa = PBXSourcesBuildPhase;
			buildActionMask = 2147483647;
			files = (
				7F14B8EF211427CA003163FB /* ViewController.swift in Sources */,
				7FE95E5921143CA50081ABE5 /* ImageLabelingViewController.swift in Sources */,
				7FE95E5321143A150081ABE5 /* FaceViewController.swift in Sources */,
				7F14B8ED211427CA003163FB /* AppDelegate.swift in Sources */,
				7F14B90321143266003163FB /* BarcodeViewController.swift in Sources */,
				7FE95E5B21143D340081ABE5 /* TextViewController.swift in Sources */,
				7FE95E5D21143D810081ABE5 /* LandmarkViewController.swift in Sources */,
			);
			runOnlyForDeploymentPostprocessing = 0;
		};
/* End PBXSourcesBuildPhase section */

/* Begin PBXVariantGroup section */
		7F14B8F0211427CA003163FB /* Main.storyboard */ = {
			isa = PBXVariantGroup;
			children = (
				7F14B8F1211427CA003163FB /* Base */,
			);
			name = Main.storyboard;
			sourceTree = "<group>";
		};
		7F14B8F5211427CB003163FB /* LaunchScreen.storyboard */ = {
			isa = PBXVariantGroup;
			children = (
				7F14B8F6211427CB003163FB /* Base */,
			);
			name = LaunchScreen.storyboard;
			sourceTree = "<group>";
		};
/* End PBXVariantGroup section */

/* Begin XCBuildConfiguration section */
		7F14B8F9211427CB003163FB /* Debug */ = {
			isa = XCBuildConfiguration;
			buildSettings = {
				ALWAYS_SEARCH_USER_PATHS = NO;
				CLANG_ANALYZER_NONNULL = YES;
				CLANG_ANALYZER_NUMBER_OBJECT_CONVERSION = YES_AGGRESSIVE;
				CLANG_CXX_LANGUAGE_STANDARD = "gnu++14";
				CLANG_CXX_LIBRARY = "libc++";
				CLANG_ENABLE_MODULES = YES;
				CLANG_ENABLE_OBJC_ARC = YES;
				CLANG_ENABLE_OBJC_WEAK = YES;
				CLANG_WARN_BLOCK_CAPTURE_AUTORELEASING = YES;
				CLANG_WARN_BOOL_CONVERSION = YES;
				CLANG_WARN_COMMA = YES;
				CLANG_WARN_CONSTANT_CONVERSION = YES;
				CLANG_WARN_DEPRECATED_OBJC_IMPLEMENTATIONS = YES;
				CLANG_WARN_DIRECT_OBJC_ISA_USAGE = YES_ERROR;
				CLANG_WARN_DOCUMENTATION_COMMENTS = YES;
				CLANG_WARN_EMPTY_BODY = YES;
				CLANG_WARN_ENUM_CONVERSION = YES;
				CLANG_WARN_INFINITE_RECURSION = YES;
				CLANG_WARN_INT_CONVERSION = YES;
				CLANG_WARN_NON_LITERAL_NULL_CONVERSION = YES;
				CLANG_WARN_OBJC_IMPLICIT_RETAIN_SELF = YES;
				CLANG_WARN_OBJC_LITERAL_CONVERSION = YES;
				CLANG_WARN_OBJC_ROOT_CLASS = YES_ERROR;
				CLANG_WARN_RANGE_LOOP_ANALYSIS = YES;
				CLANG_WARN_STRICT_PROTOTYPES = YES;
				CLANG_WARN_SUSPICIOUS_MOVE = YES;
				CLANG_WARN_UNGUARDED_AVAILABILITY = YES_AGGRESSIVE;
				CLANG_WARN_UNREACHABLE_CODE = YES;
				CLANG_WARN__DUPLICATE_METHOD_MATCH = YES;
				CODE_SIGN_IDENTITY = "iPhone Developer";
				COPY_PHASE_STRIP = NO;
				DEBUG_INFORMATION_FORMAT = dwarf;
				ENABLE_STRICT_OBJC_MSGSEND = YES;
				ENABLE_TESTABILITY = YES;
				GCC_C_LANGUAGE_STANDARD = gnu11;
				GCC_DYNAMIC_NO_PIC = NO;
				GCC_NO_COMMON_BLOCKS = YES;
				GCC_OPTIMIZATION_LEVEL = 0;
				GCC_PREPROCESSOR_DEFINITIONS = (
					"DEBUG=1",
					"$(inherited)",
				);
				GCC_WARN_64_TO_32_BIT_CONVERSION = YES;
				GCC_WARN_ABOUT_RETURN_TYPE = YES_ERROR;
				GCC_WARN_UNDECLARED_SELECTOR = YES;
				GCC_WARN_UNINITIALIZED_AUTOS = YES_AGGRESSIVE;
				GCC_WARN_UNUSED_FUNCTION = YES;
				GCC_WARN_UNUSED_VARIABLE = YES;
				IPHONEOS_DEPLOYMENT_TARGET = 11.4;
				MTL_ENABLE_DEBUG_INFO = YES;
				ONLY_ACTIVE_ARCH = YES;
				SDKROOT = iphoneos;
				SWIFT_ACTIVE_COMPILATION_CONDITIONS = DEBUG;
				SWIFT_OPTIMIZATION_LEVEL = "-Onone";
			};
			name = Debug;
		};
		7F14B8FA211427CB003163FB /* Release */ = {
			isa = XCBuildConfiguration;
			buildSettings = {
				ALWAYS_SEARCH_USER_PATHS = NO;
				CLANG_ANALYZER_NONNULL = YES;
				CLANG_ANALYZER_NUMBER_OBJECT_CONVERSION = YES_AGGRESSIVE;
				CLANG_CXX_LANGUAGE_STANDARD = "gnu++14";
				CLANG_CXX_LIBRARY = "libc++";
				CLANG_ENABLE_MODULES = YES;
				CLANG_ENABLE_OBJC_ARC = YES;
				CLANG_ENABLE_OBJC_WEAK = YES;
				CLANG_WARN_BLOCK_CAPTURE_AUTORELEASING = YES;
				CLANG_WARN_BOOL_CONVERSION = YES;
				CLANG_WARN_COMMA = YES;
				CLANG_WARN_CONSTANT_CONVERSION = YES;
				CLANG_WARN_DEPRECATED_OBJC_IMPLEMENTATIONS = YES;
				CLANG_WARN_DIRECT_OBJC_ISA_USAGE = YES_ERROR;
				CLANG_WARN_DOCUMENTATION_COMMENTS = YES;
				CLANG_WARN_EMPTY_BODY = YES;
				CLANG_WARN_ENUM_CONVERSION = YES;
				CLANG_WARN_INFINITE_RECURSION = YES;
				CLANG_WARN_INT_CONVERSION = YES;
				CLANG_WARN_NON_LITERAL_NULL_CONVERSION = YES;
				CLANG_WARN_OBJC_IMPLICIT_RETAIN_SELF = YES;
				CLANG_WARN_OBJC_LITERAL_CONVERSION = YES;
				CLANG_WARN_OBJC_ROOT_CLASS = YES_ERROR;
				CLANG_WARN_RANGE_LOOP_ANALYSIS = YES;
				CLANG_WARN_STRICT_PROTOTYPES = YES;
				CLANG_WARN_SUSPICIOUS_MOVE = YES;
				CLANG_WARN_UNGUARDED_AVAILABILITY = YES_AGGRESSIVE;
				CLANG_WARN_UNREACHABLE_CODE = YES;
				CLANG_WARN__DUPLICATE_METHOD_MATCH = YES;
				CODE_SIGN_IDENTITY = "iPhone Developer";
				COPY_PHASE_STRIP = NO;
				DEBUG_INFORMATION_FORMAT = "dwarf-with-dsym";
				ENABLE_NS_ASSERTIONS = NO;
				ENABLE_STRICT_OBJC_MSGSEND = YES;
				GCC_C_LANGUAGE_STANDARD = gnu11;
				GCC_NO_COMMON_BLOCKS = YES;
				GCC_WARN_64_TO_32_BIT_CONVERSION = YES;
				GCC_WARN_ABOUT_RETURN_TYPE = YES_ERROR;
				GCC_WARN_UNDECLARED_SELECTOR = YES;
				GCC_WARN_UNINITIALIZED_AUTOS = YES_AGGRESSIVE;
				GCC_WARN_UNUSED_FUNCTION = YES;
				GCC_WARN_UNUSED_VARIABLE = YES;
				IPHONEOS_DEPLOYMENT_TARGET = 11.4;
				MTL_ENABLE_DEBUG_INFO = NO;
				SDKROOT = iphoneos;
				SWIFT_COMPILATION_MODE = wholemodule;
				SWIFT_OPTIMIZATION_LEVEL = "-O";
				VALIDATE_PRODUCT = YES;
			};
			name = Release;
		};
		7F14B8FC211427CB003163FB /* Debug */ = {
			isa = XCBuildConfiguration;
			baseConfigurationReference = C2BD5CD6B70586A341B7B389 /* Pods-MLKitExample.debug.xcconfig */;
			buildSettings = {
				ASSETCATALOG_COMPILER_APPICON_NAME = AppIcon;
				CODE_SIGN_STYLE = Automatic;
				DEVELOPMENT_TEAM = 9H2N5MANM3;
				INFOPLIST_FILE = MLKitExample/Info.plist;
				IPHONEOS_DEPLOYMENT_TARGET = 11.0;
				LD_RUNPATH_SEARCH_PATHS = (
					"$(inherited)",
					"@executable_path/Frameworks",
				);
				PRODUCT_BUNDLE_IDENTIFIER = com.amolang.MLKitExample;
				PRODUCT_NAME = "$(TARGET_NAME)";
				SWIFT_VERSION = 4.0;
				TARGETED_DEVICE_FAMILY = "1,2";
			};
			name = Debug;
		};
		7F14B8FD211427CB003163FB /* Release */ = {
			isa = XCBuildConfiguration;
			baseConfigurationReference = 33F47C279530BE1C1E0A28FC /* Pods-MLKitExample.release.xcconfig */;
			buildSettings = {
				ASSETCATALOG_COMPILER_APPICON_NAME = AppIcon;
				CODE_SIGN_STYLE = Automatic;
				DEVELOPMENT_TEAM = 9H2N5MANM3;
				INFOPLIST_FILE = MLKitExample/Info.plist;
				IPHONEOS_DEPLOYMENT_TARGET = 11.0;
				LD_RUNPATH_SEARCH_PATHS = (
					"$(inherited)",
					"@executable_path/Frameworks",
				);
				PRODUCT_BUNDLE_IDENTIFIER = com.amolang.MLKitExample;
				PRODUCT_NAME = "$(TARGET_NAME)";
				SWIFT_VERSION = 4.0;
				TARGETED_DEVICE_FAMILY = "1,2";
			};
			name = Release;
		};
/* End XCBuildConfiguration section */

/* Begin XCConfigurationList section */
		7F14B8E4211427CA003163FB /* Build configuration list for PBXProject "MLKitExample" */ = {
			isa = XCConfigurationList;
			buildConfigurations = (
				7F14B8F9211427CB003163FB /* Debug */,
				7F14B8FA211427CB003163FB /* Release */,
			);
			defaultConfigurationIsVisible = 0;
			defaultConfigurationName = Release;
		};
		7F14B8FB211427CB003163FB /* Build configuration list for PBXNativeTarget "MLKitExample" */ = {
			isa = XCConfigurationList;
			buildConfigurations = (
				7F14B8FC211427CB003163FB /* Debug */,
				7F14B8FD211427CB003163FB /* Release */,
			);
			defaultConfigurationIsVisible = 0;
			defaultConfigurationName = Release;
		};
/* End XCConfigurationList section */
	};
	rootObject = 7F14B8E1211427CA003163FB /* Project object */;
}
